
Microsoft Visual Studio Solution File, Format Version 12.00
# Visual Studio 15
Project("{FAE04EC0-301F-11D3-BF4B-00C04F79EFBC}") = "Lab02", "Lab02\Lab02.csproj", "{20219146-9E54-42F5-BB11-AD0A7E637783}"
EndProject
Global
	GlobalSection(SolutionConfigurationPlatforms) = preSolution
		Debug|Any CPU = Debug|Any CPU
		Release|Any CPU = Release|Any CPU
	EndGlobalSection
	GlobalSection(ProjectConfigurationPlatforms) = postSolution
		{20219146-9E54-42F5-BB11-AD0A7E637783}.Debug|Any CPU.ActiveCfg = Debug|Any CPU
		{20219146-9E54-42F5-BB11-AD0A7E637783}.Debug|Any CPU.Build.0 = Debug|Any CPU
		{20219146-9E54-42F5-BB11-AD0A7E637783}.Release|Any CPU.ActiveCfg = Release|Any CPU
		{20219146-9E54-42F5-BB11-AD0A7E637783}.Release|Any CPU.Build.0 = Release|Any CPU
	EndGlobalSection
EndGlobal
